
Microsoft Visual Studio Solution File, Format Version 12.00
# Visual Studio Version 17
VisualStudioVersion = 17.11.35312.102
MinimumVisualStudioVersion = 10.0.40219.1
Project("{9A19103F-16F7-4668-BE54-9A1E7A4F7556}") = "Print to Console", "Week1\Day1\Day1-Exercises\Print to Console\Print to Console.csproj", "{A2E556E3-C50B-4581-87F4-7B980E008461}"
EndProject
Project("{9A19103F-16F7-4668-BE54-9A1E7A4F7556}") = "Variables & Input", "Week1\Day1\Day1-Exercises\Variables & Input\Variables & Input.csproj", "{854781A9-3466-4B70-A4B4-36D69ABAD392}"
EndProject
Project("{9A19103F-16F7-4668-BE54-9A1E7A4F7556}") = "Calculator", "Week1\Day1\Day1-Exercises\Calculator\Calculator.csproj", "{00AD0F1D-8F51-4F8B-810B-1E4E63257E89}"
EndProject
Project("{9A19103F-16F7-4668-BE54-9A1E7A4F7556}") = "Loop Practice", "Week1\Day1\Day1-Exercises\Loop Practice\Loop Practice.csproj", "{BE5F2CEE-543E-4F36-93E8-065C698DA62C}"
EndProject
Project("{9A19103F-16F7-4668-BE54-9A1E7A4F7556}") = "Method practice", "Week1\Day1\Day1-Exercises\Method practice\Method practice.csproj", "{CCE945DF-F362-4878-8F40-57F1CA407F75}"
EndProject
Project("{9A19103F-16F7-4668-BE54-9A1E7A4F7556}") = "StudentInfoApp", "Week1\Day1\Day1-StudentInfoApp\StudentInfoApp\StudentInfoApp.csproj", "{2CB93CB5-B8F1-4E4D-A3FA-CEA0F8EB77D5}"
EndProject
Project("{9A19103F-16F7-4668-BE54-9A1E7A4F7556}") = "BankAccount", "Week1\Day2\Day2-OOP-And-LINQ\BankAccount\BankAccount.csproj", "{2A489876-373F-449C-AD87-A4AF99174DFC}"
EndProject
Project("{9A19103F-16F7-4668-BE54-9A1E7A4F7556}") = "Loops Refresher", "Week1\Day2\Day2-OOP-And-LINQ\Loops Refresher\Loops Refresher.csproj", "{471E3D1D-8862-4D9F-B86C-D60D7BC2DCCF}"
EndProject
Project("{9A19103F-16F7-4668-BE54-9A1E7A4F7556}") = "Linq Intro with a List", "Week1\Day2\Day2-OOP-And-LINQ\Linq Intro with a List\Linq Intro with a List.csproj", "{2DDE2BFC-781A-48FC-B8D5-59620F7E19F9}"
EndProject
Project("{9A19103F-16F7-4668-BE54-9A1E7A4F7556}") = "ContactManager", "Week1\Day2\Day2-ContactManager\ContactManager\ContactManager.csproj", "{A62416BC-AF60-47F6-9BDA-890260BF8084}"
EndProject
Project("{9A19103F-16F7-4668-BE54-9A1E7A4F7556}") = "Inheritance & Polymorphism", "Week1\Day3\Day3-OOP-Advanced\Inheritance & Polymorphism\Inheritance & Polymorphism.csproj", "{ECE744E8-6C01-4420-9F79-CBB9DD632D75}"
EndProject
Project("{9A19103F-16F7-4668-BE54-9A1E7A4F7556}") = "Records", "Week1\Day3\Day3-OOP-Advanced\Records\Records.csproj", "{3ECDF439-98B0-4112-BDDA-A549733B032A}"
EndProject
Project("{9A19103F-16F7-4668-BE54-9A1E7A4F7556}") = "Abstract Example", "Week1\Day3\Day3-OOP-Advanced\Abstract Example\Abstract Example.csproj", "{51ED2FC1-7264-42CB-964C-3CCB0BC0DE1B}"
EndProject
Project("{9A19103F-16F7-4668-BE54-9A1E7A4F7556}") = "Employee Report (OOP + LINQ)", "Week1\Day3\Day3 - Employee Report (OOP + LINQ)\Employee Report (OOP + LINQ)\Employee Report (OOP + LINQ).csproj", "{D02F50D8-AC4A-4BDA-B6B2-4584F4E724E8}"
EndProject
Project("{9A19103F-16F7-4668-BE54-9A1E7A4F7556}") = "Payment Processor", "Week1\Day4\Day4-Interfaces-And-DI\Payment Processor\Payment Processor.csproj", "{A22EED92-856A-4FCA-87BC-C6C8AD85D1D9}"
EndProject
Project("{9A19103F-16F7-4668-BE54-9A1E7A4F7556}") = "RepositoryExample", "Week1\Day4\Day4-Interfaces-And-DI\RepositoryExample\RepositoryExample.csproj", "{5853B813-DC41-4AC8-BA56-1A377C8F6EC2}"
EndProject
Project("{9A19103F-16F7-4668-BE54-9A1E7A4F7556}") = "Simple Store", "Week1\Day4\Day4-SimpleStore\Simple Store\Simple Store.csproj", "{909BFAA6-7796-408F-B761-5592C98ACA00}"
EndProject
Project("{9A19103F-16F7-4668-BE54-9A1E7A4F7556}") = "File Writing and Reading", "Week1\Day5\Day5-FileAndJson\File Writing and Reading\File Writing and Reading.csproj", "{72EA1549-D860-4F55-85D8-265F07DB9837}"
EndProject
Project("{9A19103F-16F7-4668-BE54-9A1E7A4F7556}") = "JSON Serialization", "Week1\Day5\Day5-FileAndJson\JSON Serialization\JSON Serialization.csproj", "{46442501-8BF7-4119-91FD-C288C9C4CE6A}"
EndProject
Project("{9A19103F-16F7-4668-BE54-9A1E7A4F7556}") = "ExpenseTracker", "Week1\Day5\Day5-ExpenseTracker\ExpenseTracker\ExpenseTracker.csproj", "{6F3258D2-5825-414C-98A6-7A3E744A3E3F}"
EndProject
Project("{9A19103F-16F7-4668-BE54-9A1E7A4F7556}") = "Week2Day1-FirstWebAPI", "Week2\Day1\Day1-Exercises\Week2Day1-FirstWebAPI\Week2Day1-FirstWebAPI.csproj", "{CE5CB153-49BA-43DC-B110-EB6BF290A347}"
EndProject
Project("{9A19103F-16F7-4668-BE54-9A1E7A4F7556}") = "Day2-CRUD-And-Validation", "Week2\Day2\Day2-Exercises\Day2-CRUD-And-Validation\Day2-CRUD-And-Validation.csproj", "{CCB63174-30B9-4D02-9456-DCC161902686}"
EndProject
Project("{9A19103F-16F7-4668-BE54-9A1E7A4F7556}") = "Day3-EFCore-Integration", "Week2\Day3\Day3-Exercises\Day3-EFCore-Integration\Day3-EFCore-Integration.csproj", "{9AE74230-A25C-4AB7-8D4E-4D801384DFAF}"
EndProject
Project("{FAE04EC0-301F-11D3-BF4B-00C04F79EFBC}") = "Day5-ErrorHandling-And-Logging", "Week2\Day5\Day5-Exercises\Day5-ErrorHandling-And-Logging\Day5-ErrorHandling-And-Logging.csproj", "{01EE9D2A-B398-4BE2-A662-C16F3B6B6DBF}"
EndProject
Global
	GlobalSection(SolutionConfigurationPlatforms) = preSolution
		Debug|Any CPU = Debug|Any CPU
		Release|Any CPU = Release|Any CPU
	EndGlobalSection
	GlobalSection(ProjectConfigurationPlatforms) = postSolution
		{A2E556E3-C50B-4581-87F4-7B980E008461}.Debug|Any CPU.ActiveCfg = Debug|Any CPU
		{A2E556E3-C50B-4581-87F4-7B980E008461}.Debug|Any CPU.Build.0 = Debug|Any CPU
		{A2E556E3-C50B-4581-87F4-7B980E008461}.Release|Any CPU.ActiveCfg = Release|Any CPU
		{A2E556E3-C50B-4581-87F4-7B980E008461}.Release|Any CPU.Build.0 = Release|Any CPU
		{854781A9-3466-4B70-A4B4-36D69ABAD392}.Debug|Any CPU.ActiveCfg = Debug|Any CPU
		{854781A9-3466-4B70-A4B4-36D69ABAD392}.Debug|Any CPU.Build.0 = Debug|Any CPU
		{854781A9-3466-4B70-A4B4-36D69ABAD392}.Release|Any CPU.ActiveCfg = Release|Any CPU
		{854781A9-3466-4B70-A4B4-36D69ABAD392}.Release|Any CPU.Build.0 = Release|Any CPU
		{00AD0F1D-8F51-4F8B-810B-1E4E63257E89}.Debug|Any CPU.ActiveCfg = Debug|Any CPU
		{00AD0F1D-8F51-4F8B-810B-1E4E63257E89}.Debug|Any CPU.Build.0 = Debug|Any CPU
		{00AD0F1D-8F51-4F8B-810B-1E4E63257E89}.Release|Any CPU.ActiveCfg = Release|Any CPU
		{00AD0F1D-8F51-4F8B-810B-1E4E63257E89}.Release|Any CPU.Build.0 = Release|Any CPU
		{BE5F2CEE-543E-4F36-93E8-065C698DA62C}.Debug|Any CPU.ActiveCfg = Debug|Any CPU
		{BE5F2CEE-543E-4F36-93E8-065C698DA62C}.Debug|Any CPU.Build.0 = Debug|Any CPU
		{BE5F2CEE-543E-4F36-93E8-065C698DA62C}.Release|Any CPU.ActiveCfg = Release|Any CPU
		{BE5F2CEE-543E-4F36-93E8-065C698DA62C}.Release|Any CPU.Build.0 = Release|Any CPU
		{CCE945DF-F362-4878-8F40-57F1CA407F75}.Debug|Any CPU.ActiveCfg = Debug|Any CPU
		{CCE945DF-F362-4878-8F40-57F1CA407F75}.Debug|Any CPU.Build.0 = Debug|Any CPU
		{CCE945DF-F362-4878-8F40-57F1CA407F75}.Release|Any CPU.ActiveCfg = Release|Any CPU
		{CCE945DF-F362-4878-8F40-57F1CA407F75}.Release|Any CPU.Build.0 = Release|Any CPU
		{2CB93CB5-B8F1-4E4D-A3FA-CEA0F8EB77D5}.Debug|Any CPU.ActiveCfg = Debug|Any CPU
		{2CB93CB5-B8F1-4E4D-A3FA-CEA0F8EB77D5}.Debug|Any CPU.Build.0 = Debug|Any CPU
		{2CB93CB5-B8F1-4E4D-A3FA-CEA0F8EB77D5}.Release|Any CPU.ActiveCfg = Release|Any CPU
		{2CB93CB5-B8F1-4E4D-A3FA-CEA0F8EB77D5}.Release|Any CPU.Build.0 = Release|Any CPU
		{2A489876-373F-449C-AD87-A4AF99174DFC}.Debug|Any CPU.ActiveCfg = Debug|Any CPU
		{2A489876-373F-449C-AD87-A4AF99174DFC}.Debug|Any CPU.Build.0 = Debug|Any CPU
		{2A489876-373F-449C-AD87-A4AF99174DFC}.Release|Any CPU.ActiveCfg = Release|Any CPU
		{2A489876-373F-449C-AD87-A4AF99174DFC}.Release|Any CPU.Build.0 = Release|Any CPU
		{471E3D1D-8862-4D9F-B86C-D60D7BC2DCCF}.Debug|Any CPU.ActiveCfg = Debug|Any CPU
		{471E3D1D-8862-4D9F-B86C-D60D7BC2DCCF}.Debug|Any CPU.Build.0 = Debug|Any CPU
		{471E3D1D-8862-4D9F-B86C-D60D7BC2DCCF}.Release|Any CPU.ActiveCfg = Release|Any CPU
		{471E3D1D-8862-4D9F-B86C-D60D7BC2DCCF}.Release|Any CPU.Build.0 = Release|Any CPU
		{2DDE2BFC-781A-48FC-B8D5-59620F7E19F9}.Debug|Any CPU.ActiveCfg = Debug|Any CPU
		{2DDE2BFC-781A-48FC-B8D5-59620F7E19F9}.Debug|Any CPU.Build.0 = Debug|Any CPU
		{2DDE2BFC-781A-48FC-B8D5-59620F7E19F9}.Release|Any CPU.ActiveCfg = Release|Any CPU
		{2DDE2BFC-781A-48FC-B8D5-59620F7E19F9}.Release|Any CPU.Build.0 = Release|Any CPU
		{A62416BC-AF60-47F6-9BDA-890260BF8084}.Debug|Any CPU.ActiveCfg = Debug|Any CPU
		{A62416BC-AF60-47F6-9BDA-890260BF8084}.Debug|Any CPU.Build.0 = Debug|Any CPU
		{A62416BC-AF60-47F6-9BDA-890260BF8084}.Release|Any CPU.ActiveCfg = Release|Any CPU
		{A62416BC-AF60-47F6-9BDA-890260BF8084}.Release|Any CPU.Build.0 = Release|Any CPU
		{ECE744E8-6C01-4420-9F79-CBB9DD632D75}.Debug|Any CPU.ActiveCfg = Debug|Any CPU
		{ECE744E8-6C01-4420-9F79-CBB9DD632D75}.Debug|Any CPU.Build.0 = Debug|Any CPU
		{ECE744E8-6C01-4420-9F79-CBB9DD632D75}.Release|Any CPU.ActiveCfg = Release|Any CPU
		{ECE744E8-6C01-4420-9F79-CBB9DD632D75}.Release|Any CPU.Build.0 = Release|Any CPU
		{3ECDF439-98B0-4112-BDDA-A549733B032A}.Debug|Any CPU.ActiveCfg = Debug|Any CPU
		{3ECDF439-98B0-4112-BDDA-A549733B032A}.Debug|Any CPU.Build.0 = Debug|Any CPU
		{3ECDF439-98B0-4112-BDDA-A549733B032A}.Release|Any CPU.ActiveCfg = Release|Any CPU
		{3ECDF439-98B0-4112-BDDA-A549733B032A}.Release|Any CPU.Build.0 = Release|Any CPU
		{51ED2FC1-7264-42CB-964C-3CCB0BC0DE1B}.Debug|Any CPU.ActiveCfg = Debug|Any CPU
		{51ED2FC1-7264-42CB-964C-3CCB0BC0DE1B}.Debug|Any CPU.Build.0 = Debug|Any CPU
		{51ED2FC1-7264-42CB-964C-3CCB0BC0DE1B}.Release|Any CPU.ActiveCfg = Release|Any CPU
		{51ED2FC1-7264-42CB-964C-3CCB0BC0DE1B}.Release|Any CPU.Build.0 = Release|Any CPU
		{D02F50D8-AC4A-4BDA-B6B2-4584F4E724E8}.Debug|Any CPU.ActiveCfg = Debug|Any CPU
		{D02F50D8-AC4A-4BDA-B6B2-4584F4E724E8}.Debug|Any CPU.Build.0 = Debug|Any CPU
		{D02F50D8-AC4A-4BDA-B6B2-4584F4E724E8}.Release|Any CPU.ActiveCfg = Release|Any CPU
		{D02F50D8-AC4A-4BDA-B6B2-4584F4E724E8}.Release|Any CPU.Build.0 = Release|Any CPU
		{A22EED92-856A-4FCA-87BC-C6C8AD85D1D9}.Debug|Any CPU.ActiveCfg = Debug|Any CPU
		{A22EED92-856A-4FCA-87BC-C6C8AD85D1D9}.Debug|Any CPU.Build.0 = Debug|Any CPU
		{A22EED92-856A-4FCA-87BC-C6C8AD85D1D9}.Release|Any CPU.ActiveCfg = Release|Any CPU
		{A22EED92-856A-4FCA-87BC-C6C8AD85D1D9}.Release|Any CPU.Build.0 = Release|Any CPU
		{5853B813-DC41-4AC8-BA56-1A377C8F6EC2}.Debug|Any CPU.ActiveCfg = Debug|Any CPU
		{5853B813-DC41-4AC8-BA56-1A377C8F6EC2}.Debug|Any CPU.Build.0 = Debug|Any CPU
		{5853B813-DC41-4AC8-BA56-1A377C8F6EC2}.Release|Any CPU.ActiveCfg = Release|Any CPU
		{5853B813-DC41-4AC8-BA56-1A377C8F6EC2}.Release|Any CPU.Build.0 = Release|Any CPU
		{909BFAA6-7796-408F-B761-5592C98ACA00}.Debug|Any CPU.ActiveCfg = Debug|Any CPU
		{909BFAA6-7796-408F-B761-5592C98ACA00}.Debug|Any CPU.Build.0 = Debug|Any CPU
		{909BFAA6-7796-408F-B761-5592C98ACA00}.Release|Any CPU.ActiveCfg = Release|Any CPU
		{909BFAA6-7796-408F-B761-5592C98ACA00}.Release|Any CPU.Build.0 = Release|Any CPU
		{72EA1549-D860-4F55-85D8-265F07DB9837}.Debug|Any CPU.ActiveCfg = Debug|Any CPU
		{72EA1549-D860-4F55-85D8-265F07DB9837}.Debug|Any CPU.Build.0 = Debug|Any CPU
		{72EA1549-D860-4F55-85D8-265F07DB9837}.Release|Any CPU.ActiveCfg = Release|Any CPU
		{72EA1549-D860-4F55-85D8-265F07DB9837}.Release|Any CPU.Build.0 = Release|Any CPU
		{46442501-8BF7-4119-91FD-C288C9C4CE6A}.Debug|Any CPU.ActiveCfg = Debug|Any CPU
		{46442501-8BF7-4119-91FD-C288C9C4CE6A}.Debug|Any CPU.Build.0 = Debug|Any CPU
		{46442501-8BF7-4119-91FD-C288C9C4CE6A}.Release|Any CPU.ActiveCfg = Release|Any CPU
		{46442501-8BF7-4119-91FD-C288C9C4CE6A}.Release|Any CPU.Build.0 = Release|Any CPU
		{6F3258D2-5825-414C-98A6-7A3E744A3E3F}.Debug|Any CPU.ActiveCfg = Debug|Any CPU
		{6F3258D2-5825-414C-98A6-7A3E744A3E3F}.Debug|Any CPU.Build.0 = Debug|Any CPU
		{6F3258D2-5825-414C-98A6-7A3E744A3E3F}.Release|Any CPU.ActiveCfg = Release|Any CPU
		{6F3258D2-5825-414C-98A6-7A3E744A3E3F}.Release|Any CPU.Build.0 = Release|Any CPU
		{CE5CB153-49BA-43DC-B110-EB6BF290A347}.Debug|Any CPU.ActiveCfg = Debug|Any CPU
		{CE5CB153-49BA-43DC-B110-EB6BF290A347}.Debug|Any CPU.Build.0 = Debug|Any CPU
		{CE5CB153-49BA-43DC-B110-EB6BF290A347}.Release|Any CPU.ActiveCfg = Release|Any CPU
		{CE5CB153-49BA-43DC-B110-EB6BF290A347}.Release|Any CPU.Build.0 = Release|Any CPU
		{CCB63174-30B9-4D02-9456-DCC161902686}.Debug|Any CPU.ActiveCfg = Debug|Any CPU
		{CCB63174-30B9-4D02-9456-DCC161902686}.Debug|Any CPU.Build.0 = Debug|Any CPU
		{CCB63174-30B9-4D02-9456-DCC161902686}.Release|Any CPU.ActiveCfg = Release|Any CPU
		{CCB63174-30B9-4D02-9456-DCC161902686}.Release|Any CPU.Build.0 = Release|Any CPU
		{9AE74230-A25C-4AB7-8D4E-4D801384DFAF}.Debug|Any CPU.ActiveCfg = Debug|Any CPU
		{9AE74230-A25C-4AB7-8D4E-4D801384DFAF}.Debug|Any CPU.Build.0 = Debug|Any CPU
		{9AE74230-A25C-4AB7-8D4E-4D801384DFAF}.Release|Any CPU.ActiveCfg = Release|Any CPU
		{9AE74230-A25C-4AB7-8D4E-4D801384DFAF}.Release|Any CPU.Build.0 = Release|Any CPU
		{01EE9D2A-B398-4BE2-A662-C16F3B6B6DBF}.Debug|Any CPU.ActiveCfg = Debug|Any CPU
		{01EE9D2A-B398-4BE2-A662-C16F3B6B6DBF}.Debug|Any CPU.Build.0 = Debug|Any CPU
		{01EE9D2A-B398-4BE2-A662-C16F3B6B6DBF}.Release|Any CPU.ActiveCfg = Release|Any CPU
		{01EE9D2A-B398-4BE2-A662-C16F3B6B6DBF}.Release|Any CPU.Build.0 = Release|Any CPU
	EndGlobalSection
	GlobalSection(SolutionProperties) = preSolution
		HideSolutionNode = FALSE
	EndGlobalSection
	GlobalSection(ExtensibilityGlobals) = postSolution
		SolutionGuid = {84B4E86D-0789-4B9E-882E-E904102EEC82}
	EndGlobalSection
EndGlobal
